// !$*UTF8*$!
{
	archiveVersion = 1;
	classes = {
	};
	objectVersion = 50;
	objects = {

/* Begin PBXBuildFile section */
		6E8693C6CB70E3489D9FBC26 /* Pods_RNTAztecView.framework in Frameworks */ = {isa = PBXBuildFile; fileRef = 1FFB7FEAB87FB3040415202E /* Pods_RNTAztecView.framework */; };
		F13DE3ED208C20F2002957EC /* libReact.a in Frameworks */ = {isa = PBXBuildFile; fileRef = F13DE3CE208C20E5002957EC /* libReact.a */; };
		F13DE3F2208C23D3002957EC /* RCTAztecViewManager.swift in Sources */ = {isa = PBXBuildFile; fileRef = F13DE3F1208C23D3002957EC /* RCTAztecViewManager.swift */; };
		F13DE3FB208C273C002957EC /* RNTAztecViewManagerTests.swift in Sources */ = {isa = PBXBuildFile; fileRef = F13DE3FA208C273C002957EC /* RNTAztecViewManagerTests.swift */; };
		F13DE3FD208C273C002957EC /* libRNTAztecViewManager.a in Frameworks */ = {isa = PBXBuildFile; fileRef = F145CFC62087D16A006C159A /* libRNTAztecViewManager.a */; };
/* End PBXBuildFile section */

/* Begin PBXContainerItemProxy section */
		F13DE3CD208C20E5002957EC /* PBXContainerItemProxy */ = {
			isa = PBXContainerItemProxy;
			containerPortal = F13DE3BA208C20E4002957EC /* React.xcodeproj */;
			proxyType = 2;
			remoteGlobalIDString = 83CBBA2E1A601D0E00E9B192;
			remoteInfo = React;
		};
		F13DE3CF208C20E5002957EC /* PBXContainerItemProxy */ = {
			isa = PBXContainerItemProxy;
			containerPortal = F13DE3BA208C20E4002957EC /* React.xcodeproj */;
			proxyType = 2;
			remoteGlobalIDString = 2D2A28131D9B038B00D4039D;
			remoteInfo = "React-tvOS";
		};
		F13DE3D1208C20E5002957EC /* PBXContainerItemProxy */ = {
			isa = PBXContainerItemProxy;
			containerPortal = F13DE3BA208C20E4002957EC /* React.xcodeproj */;
			proxyType = 2;
			remoteGlobalIDString = 3D3C059A1DE3340900C268FA;
			remoteInfo = yoga;
		};
		F13DE3D3208C20E5002957EC /* PBXContainerItemProxy */ = {
			isa = PBXContainerItemProxy;
			containerPortal = F13DE3BA208C20E4002957EC /* React.xcodeproj */;
			proxyType = 2;
			remoteGlobalIDString = 3D3C06751DE3340C00C268FA;
			remoteInfo = "yoga-tvOS";
		};
		F13DE3D5208C20E5002957EC /* PBXContainerItemProxy */ = {
			isa = PBXContainerItemProxy;
			containerPortal = F13DE3BA208C20E4002957EC /* React.xcodeproj */;
			proxyType = 2;
			remoteGlobalIDString = 3D3CD9251DE5FBEC00167DC4;
			remoteInfo = cxxreact;
		};
		F13DE3D7208C20E5002957EC /* PBXContainerItemProxy */ = {
			isa = PBXContainerItemProxy;
			containerPortal = F13DE3BA208C20E4002957EC /* React.xcodeproj */;
			proxyType = 2;
			remoteGlobalIDString = 3D3CD9321DE5FBEE00167DC4;
			remoteInfo = "cxxreact-tvOS";
		};
		F13DE3D9208C20E5002957EC /* PBXContainerItemProxy */ = {
			isa = PBXContainerItemProxy;
			containerPortal = F13DE3BA208C20E4002957EC /* React.xcodeproj */;
			proxyType = 2;
			remoteGlobalIDString = 3D3CD90B1DE5FBD600167DC4;
			remoteInfo = jschelpers;
		};
		F13DE3DB208C20E5002957EC /* PBXContainerItemProxy */ = {
			isa = PBXContainerItemProxy;
			containerPortal = F13DE3BA208C20E4002957EC /* React.xcodeproj */;
			proxyType = 2;
			remoteGlobalIDString = 3D3CD9181DE5FBD800167DC4;
			remoteInfo = "jschelpers-tvOS";
		};
		F13DE3DD208C20E5002957EC /* PBXContainerItemProxy */ = {
			isa = PBXContainerItemProxy;
			containerPortal = F13DE3BA208C20E4002957EC /* React.xcodeproj */;
			proxyType = 2;
			remoteGlobalIDString = EBF21BDC1FC498900052F4D5;
			remoteInfo = jsinspector;
		};
		F13DE3DF208C20E5002957EC /* PBXContainerItemProxy */ = {
			isa = PBXContainerItemProxy;
			containerPortal = F13DE3BA208C20E4002957EC /* React.xcodeproj */;
			proxyType = 2;
			remoteGlobalIDString = EBF21BFA1FC4989A0052F4D5;
			remoteInfo = "jsinspector-tvOS";
		};
		F13DE3E1208C20E5002957EC /* PBXContainerItemProxy */ = {
			isa = PBXContainerItemProxy;
			containerPortal = F13DE3BA208C20E4002957EC /* React.xcodeproj */;
			proxyType = 2;
			remoteGlobalIDString = 139D7ECE1E25DB7D00323FB7;
			remoteInfo = "third-party";
		};
		F13DE3E3208C20E5002957EC /* PBXContainerItemProxy */ = {
			isa = PBXContainerItemProxy;
			containerPortal = F13DE3BA208C20E4002957EC /* React.xcodeproj */;
			proxyType = 2;
			remoteGlobalIDString = 3D383D3C1EBD27B6005632C8;
			remoteInfo = "third-party-tvOS";
		};
		F13DE3E5208C20E5002957EC /* PBXContainerItemProxy */ = {
			isa = PBXContainerItemProxy;
			containerPortal = F13DE3BA208C20E4002957EC /* React.xcodeproj */;
			proxyType = 2;
			remoteGlobalIDString = 139D7E881E25C6D100323FB7;
			remoteInfo = "double-conversion";
		};
		F13DE3E7208C20E5002957EC /* PBXContainerItemProxy */ = {
			isa = PBXContainerItemProxy;
			containerPortal = F13DE3BA208C20E4002957EC /* React.xcodeproj */;
			proxyType = 2;
			remoteGlobalIDString = 3D383D621EBD27B9005632C8;
			remoteInfo = "double-conversion-tvOS";
		};
		F13DE3E9208C20E5002957EC /* PBXContainerItemProxy */ = {
			isa = PBXContainerItemProxy;
			containerPortal = F13DE3BA208C20E4002957EC /* React.xcodeproj */;
			proxyType = 2;
			remoteGlobalIDString = 9936F3131F5F2E4B0010BF04;
			remoteInfo = privatedata;
		};
		F13DE3EB208C20E5002957EC /* PBXContainerItemProxy */ = {
			isa = PBXContainerItemProxy;
			containerPortal = F13DE3BA208C20E4002957EC /* React.xcodeproj */;
			proxyType = 2;
			remoteGlobalIDString = 9936F32F1F5F2E5B0010BF04;
			remoteInfo = "privatedata-tvOS";
		};
		F13DE3FE208C273C002957EC /* PBXContainerItemProxy */ = {
			isa = PBXContainerItemProxy;
			containerPortal = F145CFBE2087D169006C159A /* Project object */;
			proxyType = 1;
			remoteGlobalIDString = F145CFC52087D16A006C159A;
			remoteInfo = RNTAztecView;
		};
/* End PBXContainerItemProxy section */

/* Begin PBXCopyFilesBuildPhase section */
		F145CFC42087D16A006C159A /* CopyFiles */ = {
			isa = PBXCopyFilesBuildPhase;
			buildActionMask = 2147483647;
			dstPath = "include/$(PRODUCT_NAME)";
			dstSubfolderSpec = 16;
			files = (
			);
			runOnlyForDeploymentPostprocessing = 0;
		};
/* End PBXCopyFilesBuildPhase section */

/* Begin PBXFileReference section */
		1FFB7FEAB87FB3040415202E /* Pods_RNTAztecView.framework */ = {isa = PBXFileReference; explicitFileType = wrapper.framework; includeInIndex = 0; path = Pods_RNTAztecView.framework; sourceTree = BUILT_PRODUCTS_DIR; };
		41B46447A1FA4E10B241B2B5 /* Pods-RNTAztecView.release.xcconfig */ = {isa = PBXFileReference; includeInIndex = 1; lastKnownFileType = text.xcconfig; name = "Pods-RNTAztecView.release.xcconfig"; path = "Pods/Target Support Files/Pods-RNTAztecView/Pods-RNTAztecView.release.xcconfig"; sourceTree = "<group>"; };
		C26A51717F2B1DD509A45F24 /* Pods-RNTAztecView.debug.xcconfig */ = {isa = PBXFileReference; includeInIndex = 1; lastKnownFileType = text.xcconfig; name = "Pods-RNTAztecView.debug.xcconfig"; path = "Pods/Target Support Files/Pods-RNTAztecView/Pods-RNTAztecView.debug.xcconfig"; sourceTree = "<group>"; };
		F13DE3BA208C20E4002957EC /* React.xcodeproj */ = {isa = PBXFileReference; lastKnownFileType = "wrapper.pb-project"; name = React.xcodeproj; path = "../../node_modules/react-native/React/React.xcodeproj"; sourceTree = "<group>"; };
		F13DE3F0208C23D2002957EC /* RNTAztecView-Bridging-Header.h */ = {isa = PBXFileReference; lastKnownFileType = sourcecode.c.h; path = "RNTAztecView-Bridging-Header.h"; sourceTree = "<group>"; };
		F13DE3F1208C23D3002957EC /* RCTAztecViewManager.swift */ = {isa = PBXFileReference; fileEncoding = 4; lastKnownFileType = sourcecode.swift; path = RCTAztecViewManager.swift; sourceTree = "<group>"; };
		F13DE3F8208C273C002957EC /* RNTAztecViewManagerTests.xctest */ = {isa = PBXFileReference; explicitFileType = wrapper.cfbundle; includeInIndex = 0; path = RNTAztecViewManagerTests.xctest; sourceTree = BUILT_PRODUCTS_DIR; };
		F13DE3FA208C273C002957EC /* RNTAztecViewManagerTests.swift */ = {isa = PBXFileReference; lastKnownFileType = sourcecode.swift; path = RNTAztecViewManagerTests.swift; sourceTree = "<group>"; };
		F13DE3FC208C273C002957EC /* Info.plist */ = {isa = PBXFileReference; lastKnownFileType = text.plist.xml; path = Info.plist; sourceTree = "<group>"; };
		F145CFC62087D16A006C159A /* libRNTAztecViewManager.a */ = {isa = PBXFileReference; explicitFileType = archive.ar; includeInIndex = 0; path = libRNTAztecViewManager.a; sourceTree = BUILT_PRODUCTS_DIR; };
/* End PBXFileReference section */

/* Begin PBXFrameworksBuildPhase section */
		F13DE3F5208C273C002957EC /* Frameworks */ = {
			isa = PBXFrameworksBuildPhase;
			buildActionMask = 2147483647;
			files = (
				F13DE3FD208C273C002957EC /* libRNTAztecViewManager.a in Frameworks */,
			);
			runOnlyForDeploymentPostprocessing = 0;
		};
		F145CFC32087D16A006C159A /* Frameworks */ = {
			isa = PBXFrameworksBuildPhase;
			buildActionMask = 2147483647;
			files = (
				F13DE3ED208C20F2002957EC /* libReact.a in Frameworks */,
				6E8693C6CB70E3489D9FBC26 /* Pods_RNTAztecView.framework in Frameworks */,
			);
			runOnlyForDeploymentPostprocessing = 0;
		};
/* End PBXFrameworksBuildPhase section */

/* Begin PBXGroup section */
		F13DE3AC208C209B002957EC /* Libraries */ = {
			isa = PBXGroup;
			children = (
				F13DE3BA208C20E4002957EC /* React.xcodeproj */,
			);
			path = Libraries;
			sourceTree = "<group>";
		};
		F13DE3BB208C20E4002957EC /* Products */ = {
			isa = PBXGroup;
			children = (
				F13DE3CE208C20E5002957EC /* libReact.a */,
				F13DE3D0208C20E5002957EC /* libReact.a */,
				F13DE3D2208C20E5002957EC /* libyoga.a */,
				F13DE3D4208C20E5002957EC /* libyoga.a */,
				F13DE3D6208C20E5002957EC /* libcxxreact.a */,
				F13DE3D8208C20E5002957EC /* libcxxreact.a */,
				F13DE3DA208C20E5002957EC /* libjschelpers.a */,
				F13DE3DC208C20E5002957EC /* libjschelpers.a */,
				F13DE3DE208C20E5002957EC /* libjsinspector.a */,
				F13DE3E0208C20E5002957EC /* libjsinspector-tvOS.a */,
				F13DE3E2208C20E5002957EC /* libthird-party.a */,
				F13DE3E4208C20E5002957EC /* libthird-party.a */,
				F13DE3E6208C20E5002957EC /* libdouble-conversion.a */,
				F13DE3E8208C20E5002957EC /* libdouble-conversion.a */,
				F13DE3EA208C20E5002957EC /* libprivatedata.a */,
				F13DE3EC208C20E5002957EC /* libprivatedata-tvOS.a */,
			);
			name = Products;
			sourceTree = "<group>";
		};
		F13DE3F9208C273C002957EC /* RNTAztecViewManagerTests */ = {
			isa = PBXGroup;
			children = (
				F13DE3FA208C273C002957EC /* RNTAztecViewManagerTests.swift */,
				F13DE3FC208C273C002957EC /* Info.plist */,
			);
			path = RNTAztecViewManagerTests;
			sourceTree = "<group>";
		};
		F145CFBD2087D169006C159A = {
			isa = PBXGroup;
			children = (
				F145CFC82087D16A006C159A /* RNTAztecView */,
				F13DE3AC208C209B002957EC /* Libraries */,
				F13DE3F9208C273C002957EC /* RNTAztecViewManagerTests */,
				F145CFF92087D497006C159A /* Frameworks */,
				F145CFC72087D16A006C159A /* Products */,
				FB1EE396823F4E82F06CFDBD /* Pods */,
			);
			sourceTree = "<group>";
		};
		F145CFC72087D16A006C159A /* Products */ = {
			isa = PBXGroup;
			children = (
				F145CFC62087D16A006C159A /* libRNTAztecViewManager.a */,
				F13DE3F8208C273C002957EC /* RNTAztecViewManagerTests.xctest */,
			);
			name = Products;
			sourceTree = "<group>";
		};
		F145CFC82087D16A006C159A /* RNTAztecView */ = {
			isa = PBXGroup;
			children = (
				F13DE3F0208C23D2002957EC /* RNTAztecView-Bridging-Header.h */,
				F13DE3F1208C23D3002957EC /* RCTAztecViewManager.swift */,
			);
			name = RNTAztecView;
			path = RNTAztecViewManager;
			sourceTree = "<group>";
		};
		F145CFF92087D497006C159A /* Frameworks */ = {
			isa = PBXGroup;
			children = (
				1FFB7FEAB87FB3040415202E /* Pods_RNTAztecView.framework */,
			);
			path = Frameworks;
			sourceTree = "<group>";
		};
		FB1EE396823F4E82F06CFDBD /* Pods */ = {
			isa = PBXGroup;
			children = (
				C26A51717F2B1DD509A45F24 /* Pods-RNTAztecView.debug.xcconfig */,
				41B46447A1FA4E10B241B2B5 /* Pods-RNTAztecView.release.xcconfig */,
			);
			name = Pods;
			sourceTree = "<group>";
		};
/* End PBXGroup section */

/* Begin PBXNativeTarget section */
		F13DE3F7208C273C002957EC /* RNTAztecViewManagerTests */ = {
			isa = PBXNativeTarget;
			buildConfigurationList = F13DE412208C273C002957EC /* Build configuration list for PBXNativeTarget "RNTAztecViewManagerTests" */;
			buildPhases = (
				F13DE3F4208C273C002957EC /* Sources */,
				F13DE3F5208C273C002957EC /* Frameworks */,
				F13DE3F6208C273C002957EC /* Resources */,
			);
			buildRules = (
			);
			dependencies = (
				F13DE3FF208C273C002957EC /* PBXTargetDependency */,
			);
			name = RNTAztecViewManagerTests;
			productName = RNTAztecViewManagerTests;
			productReference = F13DE3F8208C273C002957EC /* RNTAztecViewManagerTests.xctest */;
			productType = "com.apple.product-type.bundle.unit-test";
		};
		F145CFC52087D16A006C159A /* RNTAztecViewManager */ = {
			isa = PBXNativeTarget;
			buildConfigurationList = F145CFCD2087D16A006C159A /* Build configuration list for PBXNativeTarget "RNTAztecViewManager" */;
			buildPhases = (
				D7D2CF660B0DFE810AAE96EA /* [CP] Check Pods Manifest.lock */,
				F145CFC22087D16A006C159A /* Sources */,
				F145CFC32087D16A006C159A /* Frameworks */,
				F145CFC42087D16A006C159A /* CopyFiles */,
				0482D84D0FA6E1130FFABD0F /* [CP] Copy Pods Resources */,
			);
			buildRules = (
			);
			dependencies = (
			);
			name = RNTAztecViewManager;
			productName = RNTAztecView;
			productReference = F145CFC62087D16A006C159A /* libRNTAztecViewManager.a */;
			productType = "com.apple.product-type.library.static";
		};
/* End PBXNativeTarget section */

/* Begin PBXProject section */
		F145CFBE2087D169006C159A /* Project object */ = {
			isa = PBXProject;
			attributes = {
				LastSwiftUpdateCheck = 0930;
				LastUpgradeCheck = 0930;
				ORGANIZATIONNAME = "Automattic Inc.";
				TargetAttributes = {
					F13DE3F7208C273C002957EC = {
						CreatedOnToolsVersion = 9.3;
					};
					F145CFC52087D16A006C159A = {
						CreatedOnToolsVersion = 9.3;
						LastSwiftMigration = 0930;
					};
				};
			};
			buildConfigurationList = F145CFC12087D169006C159A /* Build configuration list for PBXProject "RNTAztecViewManager" */;
			compatibilityVersion = "Xcode 9.3";
			developmentRegion = en;
			hasScannedForEncodings = 0;
			knownRegions = (
				en,
			);
			mainGroup = F145CFBD2087D169006C159A;
			productRefGroup = F145CFC72087D16A006C159A /* Products */;
			projectDirPath = "";
			projectReferences = (
				{
					ProductGroup = F13DE3BB208C20E4002957EC /* Products */;
					ProjectRef = F13DE3BA208C20E4002957EC /* React.xcodeproj */;
				},
			);
			projectRoot = "";
			targets = (
				F145CFC52087D16A006C159A /* RNTAztecViewManager */,
				F13DE3F7208C273C002957EC /* RNTAztecViewManagerTests */,
			);
		};
/* End PBXProject section */

/* Begin PBXReferenceProxy section */
		F13DE3CE208C20E5002957EC /* libReact.a */ = {
			isa = PBXReferenceProxy;
			fileType = archive.ar;
			path = libReact.a;
			remoteRef = F13DE3CD208C20E5002957EC /* PBXContainerItemProxy */;
			sourceTree = BUILT_PRODUCTS_DIR;
		};
		F13DE3D0208C20E5002957EC /* libReact.a */ = {
			isa = PBXReferenceProxy;
			fileType = archive.ar;
			path = libReact.a;
			remoteRef = F13DE3CF208C20E5002957EC /* PBXContainerItemProxy */;
			sourceTree = BUILT_PRODUCTS_DIR;
		};
		F13DE3D2208C20E5002957EC /* libyoga.a */ = {
			isa = PBXReferenceProxy;
			fileType = archive.ar;
			path = libyoga.a;
			remoteRef = F13DE3D1208C20E5002957EC /* PBXContainerItemProxy */;
			sourceTree = BUILT_PRODUCTS_DIR;
		};
		F13DE3D4208C20E5002957EC /* libyoga.a */ = {
			isa = PBXReferenceProxy;
			fileType = archive.ar;
			path = libyoga.a;
			remoteRef = F13DE3D3208C20E5002957EC /* PBXContainerItemProxy */;
			sourceTree = BUILT_PRODUCTS_DIR;
		};
		F13DE3D6208C20E5002957EC /* libcxxreact.a */ = {
			isa = PBXReferenceProxy;
			fileType = archive.ar;
			path = libcxxreact.a;
			remoteRef = F13DE3D5208C20E5002957EC /* PBXContainerItemProxy */;
			sourceTree = BUILT_PRODUCTS_DIR;
		};
		F13DE3D8208C20E5002957EC /* libcxxreact.a */ = {
			isa = PBXReferenceProxy;
			fileType = archive.ar;
			path = libcxxreact.a;
			remoteRef = F13DE3D7208C20E5002957EC /* PBXContainerItemProxy */;
			sourceTree = BUILT_PRODUCTS_DIR;
		};
		F13DE3DA208C20E5002957EC /* libjschelpers.a */ = {
			isa = PBXReferenceProxy;
			fileType = archive.ar;
			path = libjschelpers.a;
			remoteRef = F13DE3D9208C20E5002957EC /* PBXContainerItemProxy */;
			sourceTree = BUILT_PRODUCTS_DIR;
		};
		F13DE3DC208C20E5002957EC /* libjschelpers.a */ = {
			isa = PBXReferenceProxy;
			fileType = archive.ar;
			path = libjschelpers.a;
			remoteRef = F13DE3DB208C20E5002957EC /* PBXContainerItemProxy */;
			sourceTree = BUILT_PRODUCTS_DIR;
		};
		F13DE3DE208C20E5002957EC /* libjsinspector.a */ = {
			isa = PBXReferenceProxy;
			fileType = archive.ar;
			path = libjsinspector.a;
			remoteRef = F13DE3DD208C20E5002957EC /* PBXContainerItemProxy */;
			sourceTree = BUILT_PRODUCTS_DIR;
		};
		F13DE3E0208C20E5002957EC /* libjsinspector-tvOS.a */ = {
			isa = PBXReferenceProxy;
			fileType = archive.ar;
			path = "libjsinspector-tvOS.a";
			remoteRef = F13DE3DF208C20E5002957EC /* PBXContainerItemProxy */;
			sourceTree = BUILT_PRODUCTS_DIR;
		};
		F13DE3E2208C20E5002957EC /* libthird-party.a */ = {
			isa = PBXReferenceProxy;
			fileType = archive.ar;
			path = "libthird-party.a";
			remoteRef = F13DE3E1208C20E5002957EC /* PBXContainerItemProxy */;
			sourceTree = BUILT_PRODUCTS_DIR;
		};
		F13DE3E4208C20E5002957EC /* libthird-party.a */ = {
			isa = PBXReferenceProxy;
			fileType = archive.ar;
			path = "libthird-party.a";
			remoteRef = F13DE3E3208C20E5002957EC /* PBXContainerItemProxy */;
			sourceTree = BUILT_PRODUCTS_DIR;
		};
		F13DE3E6208C20E5002957EC /* libdouble-conversion.a */ = {
			isa = PBXReferenceProxy;
			fileType = archive.ar;
			path = "libdouble-conversion.a";
			remoteRef = F13DE3E5208C20E5002957EC /* PBXContainerItemProxy */;
			sourceTree = BUILT_PRODUCTS_DIR;
		};
		F13DE3E8208C20E5002957EC /* libdouble-conversion.a */ = {
			isa = PBXReferenceProxy;
			fileType = archive.ar;
			path = "libdouble-conversion.a";
			remoteRef = F13DE3E7208C20E5002957EC /* PBXContainerItemProxy */;
			sourceTree = BUILT_PRODUCTS_DIR;
		};
		F13DE3EA208C20E5002957EC /* libprivatedata.a */ = {
			isa = PBXReferenceProxy;
			fileType = archive.ar;
			path = libprivatedata.a;
			remoteRef = F13DE3E9208C20E5002957EC /* PBXContainerItemProxy */;
			sourceTree = BUILT_PRODUCTS_DIR;
		};
		F13DE3EC208C20E5002957EC /* libprivatedata-tvOS.a */ = {
			isa = PBXReferenceProxy;
			fileType = archive.ar;
			path = "libprivatedata-tvOS.a";
			remoteRef = F13DE3EB208C20E5002957EC /* PBXContainerItemProxy */;
			sourceTree = BUILT_PRODUCTS_DIR;
		};
/* End PBXReferenceProxy section */

/* Begin PBXResourcesBuildPhase section */
		F13DE3F6208C273C002957EC /* Resources */ = {
			isa = PBXResourcesBuildPhase;
			buildActionMask = 2147483647;
			files = (
			);
			runOnlyForDeploymentPostprocessing = 0;
		};
/* End PBXResourcesBuildPhase section */

/* Begin PBXShellScriptBuildPhase section */
		0482D84D0FA6E1130FFABD0F /* [CP] Copy Pods Resources */ = {
			isa = PBXShellScriptBuildPhase;
			buildActionMask = 2147483647;
			files = (
			);
			inputPaths = (
			);
			name = "[CP] Copy Pods Resources";
			outputPaths = (
			);
			runOnlyForDeploymentPostprocessing = 0;
			shellPath = /bin/sh;
			shellScript = "\"${SRCROOT}/Pods/Target Support Files/Pods-RNTAztecView/Pods-RNTAztecView-resources.sh\"\n";
			showEnvVarsInLog = 0;
		};
		D7D2CF660B0DFE810AAE96EA /* [CP] Check Pods Manifest.lock */ = {
			isa = PBXShellScriptBuildPhase;
			buildActionMask = 2147483647;
			files = (
			);
			inputPaths = (
				"${PODS_PODFILE_DIR_PATH}/Podfile.lock",
				"${PODS_ROOT}/Manifest.lock",
			);
			name = "[CP] Check Pods Manifest.lock";
			outputPaths = (
				"$(DERIVED_FILE_DIR)/Pods-RNTAztecView-checkManifestLockResult.txt",
			);
			runOnlyForDeploymentPostprocessing = 0;
			shellPath = /bin/sh;
			shellScript = "diff \"${PODS_PODFILE_DIR_PATH}/Podfile.lock\" \"${PODS_ROOT}/Manifest.lock\" > /dev/null\nif [ $? != 0 ] ; then\n    # print error to STDERR\n    echo \"error: The sandbox is not in sync with the Podfile.lock. Run 'pod install' or update your CocoaPods installation.\" >&2\n    exit 1\nfi\n# This output is used by Xcode 'outputs' to avoid re-running this script phase.\necho \"SUCCESS\" > \"${SCRIPT_OUTPUT_FILE_0}\"\n";
			showEnvVarsInLog = 0;
		};
/* End PBXShellScriptBuildPhase section */

/* Begin PBXSourcesBuildPhase section */
		F13DE3F4208C273C002957EC /* Sources */ = {
			isa = PBXSourcesBuildPhase;
			buildActionMask = 2147483647;
			files = (
				F13DE3FB208C273C002957EC /* RNTAztecViewManagerTests.swift in Sources */,
			);
			runOnlyForDeploymentPostprocessing = 0;
		};
		F145CFC22087D16A006C159A /* Sources */ = {
			isa = PBXSourcesBuildPhase;
			buildActionMask = 2147483647;
			files = (
				F13DE3F2208C23D3002957EC /* RCTAztecViewManager.swift in Sources */,
			);
			runOnlyForDeploymentPostprocessing = 0;
		};
/* End PBXSourcesBuildPhase section */

/* Begin PBXTargetDependency section */
		F13DE3FF208C273C002957EC /* PBXTargetDependency */ = {
			isa = PBXTargetDependency;
			target = F145CFC52087D16A006C159A /* RNTAztecViewManager */;
			targetProxy = F13DE3FE208C273C002957EC /* PBXContainerItemProxy */;
		};
/* End PBXTargetDependency section */

/* Begin XCBuildConfiguration section */
		F13DE400208C273C002957EC /* Debug */ = {
			isa = XCBuildConfiguration;
			buildSettings = {
				CODE_SIGN_STYLE = Automatic;
				DEVELOPMENT_TEAM = PZYM8XX95Q;
				INFOPLIST_FILE = RNTAztecViewManagerTests/Info.plist;
				IPHONEOS_DEPLOYMENT_TARGET = 11.3;
				LD_RUNPATH_SEARCH_PATHS = (
					"$(inherited)",
					"@executable_path/Frameworks",
					"@loader_path/Frameworks",
				);
				PRODUCT_BUNDLE_IDENTIFIER = com.automattic.RNTAztecViewManagerTests;
				PRODUCT_NAME = "$(TARGET_NAME)";
				SWIFT_VERSION = 4.0;
				TARGETED_DEVICE_FAMILY = "1,2";
			};
			name = Debug;
		};
		F13DE401208C273C002957EC /* Release */ = {
			isa = XCBuildConfiguration;
			buildSettings = {
				CODE_SIGN_STYLE = Automatic;
				DEVELOPMENT_TEAM = PZYM8XX95Q;
				INFOPLIST_FILE = RNTAztecViewManagerTests/Info.plist;
				IPHONEOS_DEPLOYMENT_TARGET = 11.3;
				LD_RUNPATH_SEARCH_PATHS = (
					"$(inherited)",
					"@executable_path/Frameworks",
					"@loader_path/Frameworks",
				);
				PRODUCT_BUNDLE_IDENTIFIER = com.automattic.RNTAztecViewManagerTests;
				PRODUCT_NAME = "$(TARGET_NAME)";
				SWIFT_VERSION = 4.0;
				TARGETED_DEVICE_FAMILY = "1,2";
			};
			name = Release;
		};
		F145CFCB2087D16A006C159A /* Debug */ = {
			isa = XCBuildConfiguration;
			buildSettings = {
				ALWAYS_SEARCH_USER_PATHS = NO;
				CLANG_ANALYZER_NONNULL = YES;
				CLANG_ANALYZER_NUMBER_OBJECT_CONVERSION = YES_AGGRESSIVE;
				CLANG_CXX_LANGUAGE_STANDARD = "gnu++14";
				CLANG_CXX_LIBRARY = "libc++";
				CLANG_ENABLE_MODULES = YES;
				CLANG_ENABLE_OBJC_ARC = YES;
				CLANG_ENABLE_OBJC_WEAK = YES;
				CLANG_WARN_BLOCK_CAPTURE_AUTORELEASING = YES;
				CLANG_WARN_BOOL_CONVERSION = YES;
				CLANG_WARN_COMMA = YES;
				CLANG_WARN_CONSTANT_CONVERSION = YES;
				CLANG_WARN_DEPRECATED_OBJC_IMPLEMENTATIONS = YES;
				CLANG_WARN_DIRECT_OBJC_ISA_USAGE = YES_ERROR;
				CLANG_WARN_DOCUMENTATION_COMMENTS = YES;
				CLANG_WARN_EMPTY_BODY = YES;
				CLANG_WARN_ENUM_CONVERSION = YES;
				CLANG_WARN_INFINITE_RECURSION = YES;
				CLANG_WARN_INT_CONVERSION = YES;
				CLANG_WARN_NON_LITERAL_NULL_CONVERSION = YES;
				CLANG_WARN_OBJC_IMPLICIT_RETAIN_SELF = YES;
				CLANG_WARN_OBJC_LITERAL_CONVERSION = YES;
				CLANG_WARN_OBJC_ROOT_CLASS = YES_ERROR;
				CLANG_WARN_RANGE_LOOP_ANALYSIS = YES;
				CLANG_WARN_STRICT_PROTOTYPES = YES;
				CLANG_WARN_SUSPICIOUS_MOVE = YES;
				CLANG_WARN_UNGUARDED_AVAILABILITY = YES_AGGRESSIVE;
				CLANG_WARN_UNREACHABLE_CODE = YES;
				CLANG_WARN__DUPLICATE_METHOD_MATCH = YES;
				CODE_SIGN_IDENTITY = "iPhone Developer";
				COPY_PHASE_STRIP = NO;
				DEBUG_INFORMATION_FORMAT = dwarf;
				ENABLE_STRICT_OBJC_MSGSEND = YES;
				ENABLE_TESTABILITY = YES;
				GCC_C_LANGUAGE_STANDARD = gnu11;
				GCC_DYNAMIC_NO_PIC = NO;
				GCC_NO_COMMON_BLOCKS = YES;
				GCC_OPTIMIZATION_LEVEL = 0;
				GCC_PREPROCESSOR_DEFINITIONS = (
					"DEBUG=1",
					"$(inherited)",
				);
				GCC_WARN_64_TO_32_BIT_CONVERSION = YES;
				GCC_WARN_ABOUT_RETURN_TYPE = YES_ERROR;
				GCC_WARN_UNDECLARED_SELECTOR = YES;
				GCC_WARN_UNINITIALIZED_AUTOS = YES_AGGRESSIVE;
				GCC_WARN_UNUSED_FUNCTION = YES;
				GCC_WARN_UNUSED_VARIABLE = YES;
				IPHONEOS_DEPLOYMENT_TARGET = 9.0;
				MTL_ENABLE_DEBUG_INFO = YES;
				ONLY_ACTIVE_ARCH = YES;
				SDKROOT = iphoneos;
				SWIFT_ACTIVE_COMPILATION_CONDITIONS = DEBUG;
				SWIFT_OPTIMIZATION_LEVEL = "-Onone";
			};
			name = Debug;
		};
		F145CFCC2087D16A006C159A /* Release */ = {
			isa = XCBuildConfiguration;
			buildSettings = {
				ALWAYS_SEARCH_USER_PATHS = NO;
				CLANG_ANALYZER_NONNULL = YES;
				CLANG_ANALYZER_NUMBER_OBJECT_CONVERSION = YES_AGGRESSIVE;
				CLANG_CXX_LANGUAGE_STANDARD = "gnu++14";
				CLANG_CXX_LIBRARY = "libc++";
				CLANG_ENABLE_MODULES = YES;
				CLANG_ENABLE_OBJC_ARC = YES;
				CLANG_ENABLE_OBJC_WEAK = YES;
				CLANG_WARN_BLOCK_CAPTURE_AUTORELEASING = YES;
				CLANG_WARN_BOOL_CONVERSION = YES;
				CLANG_WARN_COMMA = YES;
				CLANG_WARN_CONSTANT_CONVERSION = YES;
				CLANG_WARN_DEPRECATED_OBJC_IMPLEMENTATIONS = YES;
				CLANG_WARN_DIRECT_OBJC_ISA_USAGE = YES_ERROR;
				CLANG_WARN_DOCUMENTATION_COMMENTS = YES;
				CLANG_WARN_EMPTY_BODY = YES;
				CLANG_WARN_ENUM_CONVERSION = YES;
				CLANG_WARN_INFINITE_RECURSION = YES;
				CLANG_WARN_INT_CONVERSION = YES;
				CLANG_WARN_NON_LITERAL_NULL_CONVERSION = YES;
				CLANG_WARN_OBJC_IMPLICIT_RETAIN_SELF = YES;
				CLANG_WARN_OBJC_LITERAL_CONVERSION = YES;
				CLANG_WARN_OBJC_ROOT_CLASS = YES_ERROR;
				CLANG_WARN_RANGE_LOOP_ANALYSIS = YES;
				CLANG_WARN_STRICT_PROTOTYPES = YES;
				CLANG_WARN_SUSPICIOUS_MOVE = YES;
				CLANG_WARN_UNGUARDED_AVAILABILITY = YES_AGGRESSIVE;
				CLANG_WARN_UNREACHABLE_CODE = YES;
				CLANG_WARN__DUPLICATE_METHOD_MATCH = YES;
				CODE_SIGN_IDENTITY = "iPhone Developer";
				COPY_PHASE_STRIP = NO;
				DEBUG_INFORMATION_FORMAT = "dwarf-with-dsym";
				ENABLE_NS_ASSERTIONS = NO;
				ENABLE_STRICT_OBJC_MSGSEND = YES;
				GCC_C_LANGUAGE_STANDARD = gnu11;
				GCC_NO_COMMON_BLOCKS = YES;
				GCC_WARN_64_TO_32_BIT_CONVERSION = YES;
				GCC_WARN_ABOUT_RETURN_TYPE = YES_ERROR;
				GCC_WARN_UNDECLARED_SELECTOR = YES;
				GCC_WARN_UNINITIALIZED_AUTOS = YES_AGGRESSIVE;
				GCC_WARN_UNUSED_FUNCTION = YES;
				GCC_WARN_UNUSED_VARIABLE = YES;
				IPHONEOS_DEPLOYMENT_TARGET = 9.0;
				MTL_ENABLE_DEBUG_INFO = NO;
				SDKROOT = iphoneos;
				SWIFT_COMPILATION_MODE = wholemodule;
				SWIFT_OPTIMIZATION_LEVEL = "-O";
				VALIDATE_PRODUCT = YES;
			};
			name = Release;
		};
		F145CFCE2087D16A006C159A /* Debug */ = {
			isa = XCBuildConfiguration;
			baseConfigurationReference = C26A51717F2B1DD509A45F24 /* Pods-RNTAztecView.debug.xcconfig */;
			buildSettings = {
				CLANG_ENABLE_MODULES = YES;
				CODE_SIGN_STYLE = Automatic;
				DEVELOPMENT_TEAM = PZYM8XX95Q;
				LD_RUNPATH_SEARCH_PATHS = (
					"$(inherited)",
					"@executable_path/Frameworks",
					"@loader_path/Frameworks",
				);
				OTHER_LDFLAGS = (
					"${inherited}",
					"-ObjC",
				);
				PRODUCT_NAME = "$(TARGET_NAME)";
				SKIP_INSTALL = YES;
				SWIFT_OBJC_BRIDGING_HEADER = "RNTAztecView/RNTAztecView-Bridging-Header.h";
				SWIFT_OPTIMIZATION_LEVEL = "-Onone";
				SWIFT_VERSION = 4.0;
				TARGETED_DEVICE_FAMILY = "1,2";
			};
			name = Debug;
		};
		F145CFCF2087D16A006C159A /* Release */ = {
			isa = XCBuildConfiguration;
			baseConfigurationReference = 41B46447A1FA4E10B241B2B5 /* Pods-RNTAztecView.release.xcconfig */;
			buildSettings = {
				CLANG_ENABLE_MODULES = YES;
				CODE_SIGN_STYLE = Automatic;
				DEVELOPMENT_TEAM = PZYM8XX95Q;
				LD_RUNPATH_SEARCH_PATHS = (
					"$(inherited)",
					"@executable_path/Frameworks",
					"@loader_path/Frameworks",
				);
				OTHER_LDFLAGS = (
					"${inherited}",
					"-ObjC",
				);
				PRODUCT_NAME = "$(TARGET_NAME)";
				SKIP_INSTALL = YES;
				SWIFT_OBJC_BRIDGING_HEADER = "RNTAztecView/RNTAztecView-Bridging-Header.h";
				SWIFT_VERSION = 4.0;
				TARGETED_DEVICE_FAMILY = "1,2";
			};
			name = Release;
		};
/* End XCBuildConfiguration section */

/* Begin XCConfigurationList section */
		F13DE412208C273C002957EC /* Build configuration list for PBXNativeTarget "RNTAztecViewManagerTests" */ = {
			isa = XCConfigurationList;
			buildConfigurations = (
				F13DE400208C273C002957EC /* Debug */,
				F13DE401208C273C002957EC /* Release */,
			);
			defaultConfigurationIsVisible = 0;
			defaultConfigurationName = Release;
		};
		F145CFC12087D169006C159A /* Build configuration list for PBXProject "RNTAztecViewManager" */ = {
			isa = XCConfigurationList;
			buildConfigurations = (
				F145CFCB2087D16A006C159A /* Debug */,
				F145CFCC2087D16A006C159A /* Release */,
			);
			defaultConfigurationIsVisible = 0;
			defaultConfigurationName = Release;
		};
		F145CFCD2087D16A006C159A /* Build configuration list for PBXNativeTarget "RNTAztecViewManager" */ = {
			isa = XCConfigurationList;
			buildConfigurations = (
				F145CFCE2087D16A006C159A /* Debug */,
				F145CFCF2087D16A006C159A /* Release */,
			);
			defaultConfigurationIsVisible = 0;
			defaultConfigurationName = Release;
		};
/* End XCConfigurationList section */
	};
	rootObject = F145CFBE2087D169006C159A /* Project object */;
}
