// !$*UTF8*$!
{
	archiveVersion = 1;
	classes = {
	};
	objectVersion = 50;
	objects = {

/* Begin PBXBuildFile section */
		F13DE3F2208C23D3002957EC /* RCTAztecViewManager.swift in Sources */ = {isa = PBXBuildFile; fileRef = F13DE3F1208C23D3002957EC /* RCTAztecViewManager.swift */; };
		F18F300A208C42F60066BE79 /* Aztec.framework in Frameworks */ = {isa = PBXBuildFile; fileRef = F18F3006208C42E00066BE79 /* Aztec.framework */; };
		F18F33D4208C77180066BE79 /* RCTAztecView.m in Sources */ = {isa = PBXBuildFile; fileRef = F18F33D3208C77180066BE79 /* RCTAztecView.m */; };
/* End PBXBuildFile section */

/* Begin PBXContainerItemProxy section */
		F18F3005208C42E00066BE79 /* PBXContainerItemProxy */ = {
			isa = PBXContainerItemProxy;
			containerPortal = F18F2FFF208C42E00066BE79 /* Aztec.xcodeproj */;
			proxyType = 2;
			remoteGlobalIDString = 5951CB8E1D8BC93600E1866F;
			remoteInfo = Aztec;
		};
		F18F3007208C42E00066BE79 /* PBXContainerItemProxy */ = {
			isa = PBXContainerItemProxy;
			containerPortal = F18F2FFF208C42E00066BE79 /* Aztec.xcodeproj */;
			proxyType = 2;
			remoteGlobalIDString = 5951CB971D8BC93600E1866F;
			remoteInfo = AztecTests;
		};
/* End PBXContainerItemProxy section */

/* Begin PBXCopyFilesBuildPhase section */
		F145CFC42087D16A006C159A /* CopyFiles */ = {
			isa = PBXCopyFilesBuildPhase;
			buildActionMask = 2147483647;
			dstPath = "include/$(PRODUCT_NAME)";
			dstSubfolderSpec = 16;
			files = (
			);
			runOnlyForDeploymentPostprocessing = 0;
		};
/* End PBXCopyFilesBuildPhase section */

/* Begin PBXFileReference section */
		F13DE3F0208C23D2002957EC /* RCTAztecView-Bridging-Header.h */ = {isa = PBXFileReference; lastKnownFileType = sourcecode.c.h; path = "RCTAztecView-Bridging-Header.h"; sourceTree = "<group>"; };
		F13DE3F1208C23D3002957EC /* RCTAztecViewManager.swift */ = {isa = PBXFileReference; fileEncoding = 4; lastKnownFileType = sourcecode.swift; path = RCTAztecViewManager.swift; sourceTree = "<group>"; };
		F145CFC62087D16A006C159A /* libRCTAztecView.a */ = {isa = PBXFileReference; explicitFileType = archive.ar; includeInIndex = 0; path = libRCTAztecView.a; sourceTree = BUILT_PRODUCTS_DIR; };
		F18F2FFF208C42E00066BE79 /* Aztec.xcodeproj */ = {isa = PBXFileReference; lastKnownFileType = "wrapper.pb-project"; name = Aztec.xcodeproj; path = "Carthage/Checkouts/AztecEditor-iOS/Aztec.xcodeproj"; sourceTree = SOURCE_ROOT; };
		F18F3108208C4C710066BE79 /* UIKit.framework */ = {isa = PBXFileReference; lastKnownFileType = wrapper.framework; name = UIKit.framework; path = System/Library/Frameworks/UIKit.framework; sourceTree = SDKROOT; };
		F18F33D3208C77180066BE79 /* RCTAztecView.m */ = {isa = PBXFileReference; lastKnownFileType = sourcecode.c.objc; path = RCTAztecView.m; sourceTree = "<group>"; };
/* End PBXFileReference section */

/* Begin PBXFrameworksBuildPhase section */
		F145CFC32087D16A006C159A /* Frameworks */ = {
			isa = PBXFrameworksBuildPhase;
			buildActionMask = 2147483647;
			files = (
				F18F300A208C42F60066BE79 /* Aztec.framework in Frameworks */,
			);
			runOnlyForDeploymentPostprocessing = 0;
		};
/* End PBXFrameworksBuildPhase section */

/* Begin PBXGroup section */
		F145CFBD2087D169006C159A = {
			isa = PBXGroup;
			children = (
				F145CFC82087D16A006C159A /* RCTAztecView */,
				F18F2EEA208C3FD90066BE79 /* Dependencies */,
				F145CFC72087D16A006C159A /* Products */,
				F18F3009208C42F60066BE79 /* Frameworks */,
			);
			sourceTree = "<group>";
		};
		F145CFC72087D16A006C159A /* Products */ = {
			isa = PBXGroup;
			children = (
				F145CFC62087D16A006C159A /* libRCTAztecView.a */,
			);
			name = Products;
			sourceTree = "<group>";
		};
		F145CFC82087D16A006C159A /* RCTAztecView */ = {
			isa = PBXGroup;
			children = (
				F13DE3F0208C23D2002957EC /* RCTAztecView-Bridging-Header.h */,
				F18F33D3208C77180066BE79 /* RCTAztecView.m */,
				F13DE3F1208C23D3002957EC /* RCTAztecViewManager.swift */,
			);
			path = RCTAztecView;
			sourceTree = "<group>";
		};
		F18F2EEA208C3FD90066BE79 /* Dependencies */ = {
			isa = PBXGroup;
			children = (
				F18F2FFF208C42E00066BE79 /* Aztec.xcodeproj */,
			);
			path = Dependencies;
			sourceTree = "<group>";
		};
		F18F3000208C42E00066BE79 /* Products */ = {
			isa = PBXGroup;
			children = (
				F18F3006208C42E00066BE79 /* Aztec.framework */,
				F18F3008208C42E00066BE79 /* AztecTests.xctest */,
			);
			name = Products;
			sourceTree = "<group>";
		};
		F18F3009208C42F60066BE79 /* Frameworks */ = {
			isa = PBXGroup;
			children = (
				F18F3108208C4C710066BE79 /* UIKit.framework */,
			);
			name = Frameworks;
			sourceTree = "<group>";
		};
/* End PBXGroup section */

/* Begin PBXNativeTarget section */
		F145CFC52087D16A006C159A /* RCTAztecView */ = {
			isa = PBXNativeTarget;
			buildConfigurationList = F145CFCD2087D16A006C159A /* Build configuration list for PBXNativeTarget "RCTAztecView" */;
			buildPhases = (
				F145CFC22087D16A006C159A /* Sources */,
				F145CFC32087D16A006C159A /* Frameworks */,
				F145CFC42087D16A006C159A /* CopyFiles */,
			);
			buildRules = (
			);
			dependencies = (
			);
			name = RCTAztecView;
			productName = RNTAztecView;
			productReference = F145CFC62087D16A006C159A /* libRCTAztecView.a */;
			productType = "com.apple.product-type.library.static";
		};
/* End PBXNativeTarget section */

/* Begin PBXProject section */
		F145CFBE2087D169006C159A /* Project object */ = {
			isa = PBXProject;
			attributes = {
				LastSwiftUpdateCheck = 0930;
				LastUpgradeCheck = 0930;
				ORGANIZATIONNAME = "Automattic Inc.";
				TargetAttributes = {
					F145CFC52087D16A006C159A = {
						CreatedOnToolsVersion = 9.3;
						LastSwiftMigration = 0930;
					};
				};
			};
			buildConfigurationList = F145CFC12087D169006C159A /* Build configuration list for PBXProject "RCTAztecView" */;
			compatibilityVersion = "Xcode 9.3";
			developmentRegion = en;
			hasScannedForEncodings = 0;
			knownRegions = (
				en,
			);
			mainGroup = F145CFBD2087D169006C159A;
			productRefGroup = F145CFC72087D16A006C159A /* Products */;
			projectDirPath = "";
			projectReferences = (
				{
					ProductGroup = F18F3000208C42E00066BE79 /* Products */;
					ProjectRef = F18F2FFF208C42E00066BE79 /* Aztec.xcodeproj */;
				},
			);
			projectRoot = "";
			targets = (
				F145CFC52087D16A006C159A /* RCTAztecView */,
			);
		};
/* End PBXProject section */

/* Begin PBXReferenceProxy section */
		F18F3006208C42E00066BE79 /* Aztec.framework */ = {
			isa = PBXReferenceProxy;
			fileType = wrapper.framework;
			path = Aztec.framework;
			remoteRef = F18F3005208C42E00066BE79 /* PBXContainerItemProxy */;
			sourceTree = BUILT_PRODUCTS_DIR;
		};
		F18F3008208C42E00066BE79 /* AztecTests.xctest */ = {
			isa = PBXReferenceProxy;
			fileType = wrapper.cfbundle;
			path = AztecTests.xctest;
			remoteRef = F18F3007208C42E00066BE79 /* PBXContainerItemProxy */;
			sourceTree = BUILT_PRODUCTS_DIR;
		};
/* End PBXReferenceProxy section */

/* Begin PBXSourcesBuildPhase section */
		F145CFC22087D16A006C159A /* Sources */ = {
			isa = PBXSourcesBuildPhase;
			buildActionMask = 2147483647;
			files = (
				F18F33D4208C77180066BE79 /* RCTAztecView.m in Sources */,
				F13DE3F2208C23D3002957EC /* RCTAztecViewManager.swift in Sources */,
			);
			runOnlyForDeploymentPostprocessing = 0;
		};
/* End PBXSourcesBuildPhase section */

/* Begin XCBuildConfiguration section */
		F145CFCB2087D16A006C159A /* Debug */ = {
			isa = XCBuildConfiguration;
			buildSettings = {
				ALWAYS_SEARCH_USER_PATHS = NO;
				CLANG_ANALYZER_NONNULL = YES;
				CLANG_ANALYZER_NUMBER_OBJECT_CONVERSION = YES_AGGRESSIVE;
				CLANG_CXX_LANGUAGE_STANDARD = "gnu++14";
				CLANG_CXX_LIBRARY = "libc++";
				CLANG_ENABLE_MODULES = YES;
				CLANG_ENABLE_OBJC_ARC = YES;
				CLANG_ENABLE_OBJC_WEAK = YES;
				CLANG_WARN_BLOCK_CAPTURE_AUTORELEASING = YES;
				CLANG_WARN_BOOL_CONVERSION = YES;
				CLANG_WARN_COMMA = YES;
				CLANG_WARN_CONSTANT_CONVERSION = YES;
				CLANG_WARN_DEPRECATED_OBJC_IMPLEMENTATIONS = YES;
				CLANG_WARN_DIRECT_OBJC_ISA_USAGE = YES_ERROR;
				CLANG_WARN_DOCUMENTATION_COMMENTS = YES;
				CLANG_WARN_EMPTY_BODY = YES;
				CLANG_WARN_ENUM_CONVERSION = YES;
				CLANG_WARN_INFINITE_RECURSION = YES;
				CLANG_WARN_INT_CONVERSION = YES;
				CLANG_WARN_NON_LITERAL_NULL_CONVERSION = YES;
				CLANG_WARN_OBJC_IMPLICIT_RETAIN_SELF = YES;
				CLANG_WARN_OBJC_LITERAL_CONVERSION = YES;
				CLANG_WARN_OBJC_ROOT_CLASS = YES_ERROR;
				CLANG_WARN_RANGE_LOOP_ANALYSIS = YES;
				CLANG_WARN_STRICT_PROTOTYPES = YES;
				CLANG_WARN_SUSPICIOUS_MOVE = YES;
				CLANG_WARN_UNGUARDED_AVAILABILITY = YES_AGGRESSIVE;
				CLANG_WARN_UNREACHABLE_CODE = YES;
				CLANG_WARN__DUPLICATE_METHOD_MATCH = YES;
				CODE_SIGN_IDENTITY = "iPhone Developer";
				COPY_PHASE_STRIP = NO;
				DEBUG_INFORMATION_FORMAT = dwarf;
				ENABLE_STRICT_OBJC_MSGSEND = YES;
				ENABLE_TESTABILITY = YES;
				GCC_C_LANGUAGE_STANDARD = gnu11;
				GCC_DYNAMIC_NO_PIC = NO;
				GCC_NO_COMMON_BLOCKS = YES;
				GCC_OPTIMIZATION_LEVEL = 0;
				GCC_PREPROCESSOR_DEFINITIONS = (
					"DEBUG=1",
					"$(inherited)",
				);
				GCC_WARN_64_TO_32_BIT_CONVERSION = YES;
				GCC_WARN_ABOUT_RETURN_TYPE = YES_ERROR;
				GCC_WARN_UNDECLARED_SELECTOR = YES;
				GCC_WARN_UNINITIALIZED_AUTOS = YES_AGGRESSIVE;
				GCC_WARN_UNUSED_FUNCTION = YES;
				GCC_WARN_UNUSED_VARIABLE = YES;
				IPHONEOS_DEPLOYMENT_TARGET = 9.0;
				MTL_ENABLE_DEBUG_INFO = YES;
				ONLY_ACTIVE_ARCH = YES;
				SDKROOT = iphoneos;
				SWIFT_ACTIVE_COMPILATION_CONDITIONS = DEBUG;
				SWIFT_OPTIMIZATION_LEVEL = "-Onone";
			};
			name = Debug;
		};
		F145CFCC2087D16A006C159A /* Release */ = {
			isa = XCBuildConfiguration;
			buildSettings = {
				ALWAYS_SEARCH_USER_PATHS = NO;
				CLANG_ANALYZER_NONNULL = YES;
				CLANG_ANALYZER_NUMBER_OBJECT_CONVERSION = YES_AGGRESSIVE;
				CLANG_CXX_LANGUAGE_STANDARD = "gnu++14";
				CLANG_CXX_LIBRARY = "libc++";
				CLANG_ENABLE_MODULES = YES;
				CLANG_ENABLE_OBJC_ARC = YES;
				CLANG_ENABLE_OBJC_WEAK = YES;
				CLANG_WARN_BLOCK_CAPTURE_AUTORELEASING = YES;
				CLANG_WARN_BOOL_CONVERSION = YES;
				CLANG_WARN_COMMA = YES;
				CLANG_WARN_CONSTANT_CONVERSION = YES;
				CLANG_WARN_DEPRECATED_OBJC_IMPLEMENTATIONS = YES;
				CLANG_WARN_DIRECT_OBJC_ISA_USAGE = YES_ERROR;
				CLANG_WARN_DOCUMENTATION_COMMENTS = YES;
				CLANG_WARN_EMPTY_BODY = YES;
				CLANG_WARN_ENUM_CONVERSION = YES;
				CLANG_WARN_INFINITE_RECURSION = YES;
				CLANG_WARN_INT_CONVERSION = YES;
				CLANG_WARN_NON_LITERAL_NULL_CONVERSION = YES;
				CLANG_WARN_OBJC_IMPLICIT_RETAIN_SELF = YES;
				CLANG_WARN_OBJC_LITERAL_CONVERSION = YES;
				CLANG_WARN_OBJC_ROOT_CLASS = YES_ERROR;
				CLANG_WARN_RANGE_LOOP_ANALYSIS = YES;
				CLANG_WARN_STRICT_PROTOTYPES = YES;
				CLANG_WARN_SUSPICIOUS_MOVE = YES;
				CLANG_WARN_UNGUARDED_AVAILABILITY = YES_AGGRESSIVE;
				CLANG_WARN_UNREACHABLE_CODE = YES;
				CLANG_WARN__DUPLICATE_METHOD_MATCH = YES;
				CODE_SIGN_IDENTITY = "iPhone Developer";
				COPY_PHASE_STRIP = NO;
				DEBUG_INFORMATION_FORMAT = "dwarf-with-dsym";
				ENABLE_NS_ASSERTIONS = NO;
				ENABLE_STRICT_OBJC_MSGSEND = YES;
				GCC_C_LANGUAGE_STANDARD = gnu11;
				GCC_NO_COMMON_BLOCKS = YES;
				GCC_WARN_64_TO_32_BIT_CONVERSION = YES;
				GCC_WARN_ABOUT_RETURN_TYPE = YES_ERROR;
				GCC_WARN_UNDECLARED_SELECTOR = YES;
				GCC_WARN_UNINITIALIZED_AUTOS = YES_AGGRESSIVE;
				GCC_WARN_UNUSED_FUNCTION = YES;
				GCC_WARN_UNUSED_VARIABLE = YES;
				IPHONEOS_DEPLOYMENT_TARGET = 9.0;
				MTL_ENABLE_DEBUG_INFO = NO;
				SDKROOT = iphoneos;
				SWIFT_COMPILATION_MODE = wholemodule;
				SWIFT_OPTIMIZATION_LEVEL = "-O";
				VALIDATE_PRODUCT = YES;
			};
			name = Release;
		};
		F145CFCE2087D16A006C159A /* Debug */ = {
			isa = XCBuildConfiguration;
			buildSettings = {
				CLANG_ENABLE_MODULES = YES;
				CODE_SIGN_STYLE = Automatic;
				DEVELOPMENT_TEAM = PZYM8XX95Q;
				FRAMEWORK_SEARCH_PATHS = (
					"$(inherited)",
					"$(PROJECT_DIR)/Carthage/Build/iOS",
				);
				LD_RUNPATH_SEARCH_PATHS = (
					"$(inherited)",
					"@executable_path/Frameworks",
					"@loader_path/Frameworks",
				);
				OTHER_LDFLAGS = (
					"${inherited}",
					"-ObjC",
				);
				PRODUCT_NAME = "$(TARGET_NAME)";
				SKIP_INSTALL = YES;
				SWIFT_OBJC_BRIDGING_HEADER = "RCTAztecView/RCTAztecView-Bridging-Header.h";
				SWIFT_OPTIMIZATION_LEVEL = "-Onone";
				SWIFT_VERSION = 4.0;
				TARGETED_DEVICE_FAMILY = "1,2";
			};
			name = Debug;
		};
		F145CFCF2087D16A006C159A /* Release */ = {
			isa = XCBuildConfiguration;
			buildSettings = {
				CLANG_ENABLE_MODULES = YES;
				CODE_SIGN_STYLE = Automatic;
				DEVELOPMENT_TEAM = PZYM8XX95Q;
				FRAMEWORK_SEARCH_PATHS = (
					"$(inherited)",
					"$(PROJECT_DIR)/Carthage/Build/iOS",
				);
				LD_RUNPATH_SEARCH_PATHS = (
					"$(inherited)",
					"@executable_path/Frameworks",
					"@loader_path/Frameworks",
				);
				OTHER_LDFLAGS = (
					"${inherited}",
					"-ObjC",
				);
				PRODUCT_NAME = "$(TARGET_NAME)";
				SKIP_INSTALL = YES;
				SWIFT_OBJC_BRIDGING_HEADER = "RCTAztecView/RCTAztecView-Bridging-Header.h";
				SWIFT_VERSION = 4.0;
				TARGETED_DEVICE_FAMILY = "1,2";
			};
			name = Release;
		};
/* End XCBuildConfiguration section */

/* Begin XCConfigurationList section */
		F145CFC12087D169006C159A /* Build configuration list for PBXProject "RCTAztecView" */ = {
			isa = XCConfigurationList;
			buildConfigurations = (
				F145CFCB2087D16A006C159A /* Debug */,
				F145CFCC2087D16A006C159A /* Release */,
			);
			defaultConfigurationIsVisible = 0;
			defaultConfigurationName = Release;
		};
		F145CFCD2087D16A006C159A /* Build configuration list for PBXNativeTarget "RCTAztecView" */ = {
			isa = XCConfigurationList;
			buildConfigurations = (
				F145CFCE2087D16A006C159A /* Debug */,
				F145CFCF2087D16A006C159A /* Release */,
			);
			defaultConfigurationIsVisible = 0;
			defaultConfigurationName = Release;
		};
/* End XCConfigurationList section */
	};
	rootObject = F145CFBE2087D169006C159A /* Project object */;
}
